{
  "name": "proj4-fully-loaded",
  "version": "0.0.3",
  "lockfileVersion": 2,
  "requires": true,
  "packages": {
    "": {
      "version": "0.0.3",
      "license": "CC0-1.0",
      "dependencies": {
        "proj4": "^2.7.2",
        "proj4js-definitions": "^0.1.0"
      },
      "devDependencies": {
        "flug": "*"
      }
    },
    "node_modules/flug": {
      "version": "0.0.0",
      "resolved": "https://registry.npmjs.org/flug/-/flug-0.0.0.tgz",
      "integrity": "sha512-gTVGq4akhHvjG6jfPsnhDraweN+WBwxYrCgn9ZqVv36Y+r/yj6TJwwV/BhSsBAQdHoBmB+TmgQRO0MoKQwUoWA==",
      "dev": true
    },
    "node_modules/mgrs": {
      "version": "1.0.0",
      "resolved": "https://registry.npmjs.org/mgrs/-/mgrs-1.0.0.tgz",
      "integrity": "sha1-+5FYjnjJACVnI5XLQLJffNatGCk="
    },
    "node_modules/proj4": {
      "version": "2.7.2",
      "resolved": "https://registry.npmjs.org/proj4/-/proj4-2.7.2.tgz",
      "integrity": "sha512-x/EboBmIq48a9FED0Z9zWCXkd8VIpXHLsyEXljGtsnzeztC41bFjPjJ0S//wBbNLDnDYRe0e6c3FSSiqMCebDA==",
      "dependencies": {
        "mgrs": "1.0.0",
        "wkt-parser": "^1.2.4"
      }
    },
    "node_modules/proj4js-definitions": {
      "version": "0.1.0",
      "resolved": "https://registry.npmjs.org/proj4js-definitions/-/proj4js-definitions-0.1.0.tgz",
      "integrity": "sha512-qmyhkWihIa3E3ZiFsNxvap6oS5+zEH85felbe/YVFuCr1E2j5yUrNQUOU9UEbvKkRJW9kk0MhENtbW3+9Nnr3g=="
    },
    "node_modules/wkt-parser": {
      "version": "1.2.4",
      "resolved": "https://registry.npmjs.org/wkt-parser/-/wkt-parser-1.2.4.tgz",
      "integrity": "sha512-ZzKnc7ml/91fOPh5bANBL4vUlWPIYYv11waCtWTkl2TRN+LEmBg60Q1MA8gqV4hEp4MGfSj9JiHz91zw/gTDXg=="
    }
  },
  "dependencies": {
    "flug": {
      "version": "0.0.0",
      "resolved": "https://registry.npmjs.org/flug/-/flug-0.0.0.tgz",
      "integrity": "sha512-gTVGq4akhHvjG6jfPsnhDraweN+WBwxYrCgn9ZqVv36Y+r/yj6TJwwV/BhSsBAQdHoBmB+TmgQRO0MoKQwUoWA==",
      "dev": true
    },
    "mgrs": {
      "version": "1.0.0",
      "resolved": "https://registry.npmjs.org/mgrs/-/mgrs-1.0.0.tgz",
      "integrity": "sha1-+5FYjnjJACVnI5XLQLJffNatGCk="
    },
    "proj4": {
      "version": "2.7.2",
      "resolved": "https://registry.npmjs.org/proj4/-/proj4-2.7.2.tgz",
      "integrity": "sha512-x/EboBmIq48a9FED0Z9zWCXkd8VIpXHLsyEXljGtsnzeztC41bFjPjJ0S//wBbNLDnDYRe0e6c3FSSiqMCebDA==",
      "requires": {
        "mgrs": "1.0.0",
        "wkt-parser": "^1.2.4"
      }
    },
    "proj4js-definitions": {
      "version": "0.1.0",
      "resolved": "https://registry.npmjs.org/proj4js-definitions/-/proj4js-definitions-0.1.0.tgz",
      "integrity": "sha512-qmyhkWihIa3E3ZiFsNxvap6oS5+zEH85felbe/YVFuCr1E2j5yUrNQUOU9UEbvKkRJW9kk0MhENtbW3+9Nnr3g=="
    },
    "wkt-parser": {
      "version": "1.2.4",
      "resolved": "https://registry.npmjs.org/wkt-parser/-/wkt-parser-1.2.4.tgz",
      "integrity": "sha512-ZzKnc7ml/91fOPh5bANBL4vUlWPIYYv11waCtWTkl2TRN+LEmBg60Q1MA8gqV4hEp4MGfSj9JiHz91zw/gTDXg=="
    }
  }
}
